// !$*UTF8*$!
{
	archiveVersion = 1;
	classes = {
	};
	objectVersion = 77;
	objects = {

/* Begin PBXBuildFile section */
		136917DDFF4F76A60AAF9E38 /* Guild.swift in Sources */ = {isa = PBXBuildFile; fileRef = E2DBA5D4AEE007DEE71519D4 /* Guild.swift */; };
		18CF9FB5D407474C3CF9FB2B /* Set+ManaColor.swift in Sources */ = {isa = PBXBuildFile; fileRef = 6C9D557978DFFBF637AC27B6 /* Set+ManaColor.swift */; };
		1A3CE223DF89368E738BC407 /* AlaraShard.swift in Sources */ = {isa = PBXBuildFile; fileRef = 09418D05466F9C1A359EE019 /* AlaraShard.swift */; };
		6C4CF80D2DB0F65951C42D48 /* ManaGuildsApp.swift in Sources */ = {isa = PBXBuildFile; fileRef = ADA3C21B45E32B656656C210 /* ManaGuildsApp.swift */; };
		7F5E8C1247F612C25251FB2D /* TricolorFactionCard.swift in Sources */ = {isa = PBXBuildFile; fileRef = 1D3230A0CA1C8E4F196D92D8 /* TricolorFactionCard.swift */; };
		913FC9E3A8CE96984DC4FA58 /* ColorSelectionButton.swift in Sources */ = {isa = PBXBuildFile; fileRef = F04FF2C61F26ECE01BAD6C54 /* ColorSelectionButton.swift */; };
		9800BE5F712CE32C87BC33FA /* TricolorFactionSymbolView.swift in Sources */ = {isa = PBXBuildFile; fileRef = BE5F06227CCE66263424344D /* TricolorFactionSymbolView.swift */; };
		B0037A783491F9D22532153D /* ManaColor.swift in Sources */ = {isa = PBXBuildFile; fileRef = B12C41261BFB618BE26F62EE /* ManaColor.swift */; };
		D5C86213A701EA2EA123CFF0 /* TarkirClan.swift in Sources */ = {isa = PBXBuildFile; fileRef = D2F6DD2A7589DA08D4914546 /* TarkirClan.swift */; };
		D7B584CB44D0BD00B0F543E0 /* GuildSymbolView.swift in Sources */ = {isa = PBXBuildFile; fileRef = D1B2B23AC58AD06FA4CC59CE /* GuildSymbolView.swift */; };
		E4BF5F4FAE14C7A74F28FBE7 /* Assets.xcassets in Resources */ = {isa = PBXBuildFile; fileRef = 69CA91B9B7F988BC90D60627 /* Assets.xcassets */; };
		E9CD076381A5613C8346F90C /* ContentView.swift in Sources */ = {isa = PBXBuildFile; fileRef = B4C180BE9EF5FBACE21FBF07 /* ContentView.swift */; };
		F428E0FB397B7B91C1223175 /* GuildCard.swift in Sources */ = {isa = PBXBuildFile; fileRef = B79FFDC6AA93C35E5F33AAEC /* GuildCard.swift */; };
/* End PBXBuildFile section */

/* Begin PBXFileReference section */
		09418D05466F9C1A359EE019 /* AlaraShard.swift */ = {isa = PBXFileReference; lastKnownFileType = sourcecode.swift; path = AlaraShard.swift; sourceTree = "<group>"; };
		1D3230A0CA1C8E4F196D92D8 /* TricolorFactionCard.swift */ = {isa = PBXFileReference; lastKnownFileType = sourcecode.swift; path = TricolorFactionCard.swift; sourceTree = "<group>"; };
		60EFFD00C103B6756A0A034F /* ManaGuildsApp.app */ = {isa = PBXFileReference; includeInIndex = 0; lastKnownFileType = wrapper.application; path = ManaGuildsApp.app; sourceTree = BUILT_PRODUCTS_DIR; };
		69CA91B9B7F988BC90D60627 /* Assets.xcassets */ = {isa = PBXFileReference; lastKnownFileType = folder.assetcatalog; path = Assets.xcassets; sourceTree = "<group>"; };
		6C9D557978DFFBF637AC27B6 /* Set+ManaColor.swift */ = {isa = PBXFileReference; lastKnownFileType = sourcecode.swift; path = "Set+ManaColor.swift"; sourceTree = "<group>"; };
		ADA3C21B45E32B656656C210 /* ManaGuildsApp.swift */ = {isa = PBXFileReference; lastKnownFileType = sourcecode.swift; path = ManaGuildsApp.swift; sourceTree = "<group>"; };
		B12C41261BFB618BE26F62EE /* ManaColor.swift */ = {isa = PBXFileReference; lastKnownFileType = sourcecode.swift; path = ManaColor.swift; sourceTree = "<group>"; };
		B4C180BE9EF5FBACE21FBF07 /* ContentView.swift */ = {isa = PBXFileReference; lastKnownFileType = sourcecode.swift; path = ContentView.swift; sourceTree = "<group>"; };
		B79FFDC6AA93C35E5F33AAEC /* GuildCard.swift */ = {isa = PBXFileReference; lastKnownFileType = sourcecode.swift; path = GuildCard.swift; sourceTree = "<group>"; };
		BE5F06227CCE66263424344D /* TricolorFactionSymbolView.swift */ = {isa = PBXFileReference; lastKnownFileType = sourcecode.swift; path = TricolorFactionSymbolView.swift; sourceTree = "<group>"; };
		D1B2B23AC58AD06FA4CC59CE /* GuildSymbolView.swift */ = {isa = PBXFileReference; lastKnownFileType = sourcecode.swift; path = GuildSymbolView.swift; sourceTree = "<group>"; };
		D2F6DD2A7589DA08D4914546 /* TarkirClan.swift */ = {isa = PBXFileReference; lastKnownFileType = sourcecode.swift; path = TarkirClan.swift; sourceTree = "<group>"; };
		E2DBA5D4AEE007DEE71519D4 /* Guild.swift */ = {isa = PBXFileReference; lastKnownFileType = sourcecode.swift; path = Guild.swift; sourceTree = "<group>"; };
		F04FF2C61F26ECE01BAD6C54 /* ColorSelectionButton.swift */ = {isa = PBXFileReference; lastKnownFileType = sourcecode.swift; path = ColorSelectionButton.swift; sourceTree = "<group>"; };
/* End PBXFileReference section */

/* Begin PBXGroup section */
		6198B5319B4807A358613996 /* App */ = {
			isa = PBXGroup;
			children = (
				ADA3C21B45E32B656656C210 /* ManaGuildsApp.swift */,
			);
			path = App;
			sourceTree = "<group>";
		};
		6766C39BF36AC050C71B5C88 /* Components */ = {
			isa = PBXGroup;
			children = (
				F04FF2C61F26ECE01BAD6C54 /* ColorSelectionButton.swift */,
				B79FFDC6AA93C35E5F33AAEC /* GuildCard.swift */,
				D1B2B23AC58AD06FA4CC59CE /* GuildSymbolView.swift */,
				1D3230A0CA1C8E4F196D92D8 /* TricolorFactionCard.swift */,
				BE5F06227CCE66263424344D /* TricolorFactionSymbolView.swift */,
			);
			path = Components;
			sourceTree = "<group>";
		};
		6EDFA2D981B7F6B40CE2C283 /* Resources */ = {
			isa = PBXGroup;
			children = (
				69CA91B9B7F988BC90D60627 /* Assets.xcassets */,
			);
			path = Resources;
			sourceTree = "<group>";
		};
		7E8918F8DA3CD6B7B8077365 /* Products */ = {
			isa = PBXGroup;
			children = (
				60EFFD00C103B6756A0A034F /* ManaGuildsApp.app */,
			);
			name = Products;
			sourceTree = "<group>";
		};
		7FFA2BB75075BD321D2FD141 /* ManaGuildsApp */ = {
			isa = PBXGroup;
			children = (
				6198B5319B4807A358613996 /* App */,
				E6D4F2C08A5C4AD8E20D5491 /* Models */,
				837EB9AE2810C900C96094AC /* Views */,
			);
			name = ManaGuildsApp;
			path = Sources/ManaGuildsApp;
			sourceTree = "<group>";
		};
		837EB9AE2810C900C96094AC /* Views */ = {
			isa = PBXGroup;
			children = (
				B4C180BE9EF5FBACE21FBF07 /* ContentView.swift */,
				6766C39BF36AC050C71B5C88 /* Components */,
			);
			path = Views;
			sourceTree = "<group>";
		};
		921919732D7BC2BAD5469FA7 = {
			isa = PBXGroup;
			children = (
				7FFA2BB75075BD321D2FD141 /* ManaGuildsApp */,
				6EDFA2D981B7F6B40CE2C283 /* Resources */,
				7E8918F8DA3CD6B7B8077365 /* Products */,
			);
			sourceTree = "<group>";
		};
		E6D4F2C08A5C4AD8E20D5491 /* Models */ = {
			isa = PBXGroup;
			children = (
				09418D05466F9C1A359EE019 /* AlaraShard.swift */,
				E2DBA5D4AEE007DEE71519D4 /* Guild.swift */,
				B12C41261BFB618BE26F62EE /* ManaColor.swift */,
				6C9D557978DFFBF637AC27B6 /* Set+ManaColor.swift */,
				D2F6DD2A7589DA08D4914546 /* TarkirClan.swift */,
			);
			path = Models;
			sourceTree = "<group>";
		};
/* End PBXGroup section */

/* Begin PBXNativeTarget section */
		4FFAB046C44D25CAA892B6EA /* ManaGuildsApp */ = {
			isa = PBXNativeTarget;
			buildConfigurationList = 76586392A98B0A59C9571506 /* Build configuration list for PBXNativeTarget "ManaGuildsApp" */;
			buildPhases = (
				A58B1C728286ECA8E0BE896E /* Sources */,
				0D2EDDE1C21DCE55B4635F93 /* Resources */,
			);
			buildRules = (
			);
			dependencies = (
			);
			name = ManaGuildsApp;
			packageProductDependencies = (
			);
			productName = ManaGuildsApp;
			productReference = 60EFFD00C103B6756A0A034F /* ManaGuildsApp.app */;
			productType = "com.apple.product-type.application";
		};
/* End PBXNativeTarget section */

/* Begin PBXProject section */
		B7FEF7C470421DAA96DB2FC5 /* Project object */ = {
			isa = PBXProject;
			attributes = {
				BuildIndependentTargetsInParallel = YES;
				LastUpgradeCheck = 1430;
			};
			buildConfigurationList = A72C2124024F4C80958BEFF4 /* Build configuration list for PBXProject "ManaGuildsApp" */;
			compatibilityVersion = "Xcode 14.0";
			developmentRegion = en;
			hasScannedForEncodings = 0;
			knownRegions = (
				Base,
				en,
			);
			mainGroup = 921919732D7BC2BAD5469FA7;
			minimizedProjectReferenceProxies = 1;
			preferredProjectObjectVersion = 77;
			projectDirPath = "";
			projectRoot = "";
			targets = (
				4FFAB046C44D25CAA892B6EA /* ManaGuildsApp */,
			);
		};
/* End PBXProject section */

/* Begin PBXResourcesBuildPhase section */
		0D2EDDE1C21DCE55B4635F93 /* Resources */ = {
			isa = PBXResourcesBuildPhase;
			buildActionMask = 2147483647;
			files = (
				E4BF5F4FAE14C7A74F28FBE7 /* Assets.xcassets in Resources */,
			);
			runOnlyForDeploymentPostprocessing = 0;
		};
/* End PBXResourcesBuildPhase section */

/* Begin PBXSourcesBuildPhase section */
		A58B1C728286ECA8E0BE896E /* Sources */ = {
			isa = PBXSourcesBuildPhase;
			buildActionMask = 2147483647;
			files = (
				1A3CE223DF89368E738BC407 /* AlaraShard.swift in Sources */,
				913FC9E3A8CE96984DC4FA58 /* ColorSelectionButton.swift in Sources */,
				E9CD076381A5613C8346F90C /* ContentView.swift in Sources */,
				136917DDFF4F76A60AAF9E38 /* Guild.swift in Sources */,
				F428E0FB397B7B91C1223175 /* GuildCard.swift in Sources */,
				D7B584CB44D0BD00B0F543E0 /* GuildSymbolView.swift in Sources */,
				B0037A783491F9D22532153D /* ManaColor.swift in Sources */,
				6C4CF80D2DB0F65951C42D48 /* ManaGuildsApp.swift in Sources */,
				18CF9FB5D407474C3CF9FB2B /* Set+ManaColor.swift in Sources */,
				D5C86213A701EA2EA123CFF0 /* TarkirClan.swift in Sources */,
				7F5E8C1247F612C25251FB2D /* TricolorFactionCard.swift in Sources */,
				9800BE5F712CE32C87BC33FA /* TricolorFactionSymbolView.swift in Sources */,
			);
			runOnlyForDeploymentPostprocessing = 0;
		};
/* End PBXSourcesBuildPhase section */

/* Begin XCBuildConfiguration section */
		3EB41A91E8116963BE724ACD /* Debug */ = {
			isa = XCBuildConfiguration;
			buildSettings = {
				ASSETCATALOG_COMPILER_APPICON_NAME = AppIcon;
				CODE_SIGN_IDENTITY = "iPhone Developer";
				GENERATE_INFOPLIST_FILE = YES;
				INFOPLIST_KEY_UIApplicationSceneManifest_Generation = YES;
				INFOPLIST_KEY_UILaunchScreen_Generation = YES;
				INFOPLIST_KEY_UISupportedInterfaceOrientations_iPad = (
					UIInterfaceOrientationPortrait,
					UIInterfaceOrientationPortraitUpsideDown,
					UIInterfaceOrientationLandscapeLeft,
					UIInterfaceOrientationLandscapeRight,
				);
				INFOPLIST_KEY_UISupportedInterfaceOrientations_iPhone = (
					UIInterfaceOrientationPortrait,
				);
				LD_RUNPATH_SEARCH_PATHS = (
					"$(inherited)",
					"@executable_path/Frameworks",
				);
				PRODUCT_BUNDLE_IDENTIFIER = "com.paulo.mana-guilds.app";
				PRODUCT_NAME = "Mana Guilds";
				SDKROOT = iphoneos;
				SUPPORTS_MACCATALYST = NO;
				TARGETED_DEVICE_FAMILY = "1,2";
			};
			name = Debug;
		};
		6FFBD903B3229CBA8C113FAD /* Release */ = {
			isa = XCBuildConfiguration;
			buildSettings = {
				ALWAYS_SEARCH_USER_PATHS = NO;
				CLANG_ANALYZER_NONNULL = YES;
				CLANG_ANALYZER_NUMBER_OBJECT_CONVERSION = YES_AGGRESSIVE;
				CLANG_CXX_LANGUAGE_STANDARD = "gnu++14";
				CLANG_CXX_LIBRARY = "libc++";
				CLANG_ENABLE_MODULES = YES;
				CLANG_ENABLE_OBJC_ARC = YES;
				CLANG_ENABLE_OBJC_WEAK = YES;
				CLANG_WARN_BLOCK_CAPTURE_AUTORELEASING = YES;
				CLANG_WARN_BOOL_CONVERSION = YES;
				CLANG_WARN_COMMA = YES;
				CLANG_WARN_CONSTANT_CONVERSION = YES;
				CLANG_WARN_DEPRECATED_OBJC_IMPLEMENTATIONS = YES;
				CLANG_WARN_DIRECT_OBJC_ISA_USAGE = YES_ERROR;
				CLANG_WARN_DOCUMENTATION_COMMENTS = YES;
				CLANG_WARN_EMPTY_BODY = YES;
				CLANG_WARN_ENUM_CONVERSION = YES;
				CLANG_WARN_INFINITE_RECURSION = YES;
				CLANG_WARN_INT_CONVERSION = YES;
				CLANG_WARN_NON_LITERAL_NULL_CONVERSION = YES;
				CLANG_WARN_OBJC_IMPLICIT_RETAIN_SELF = YES;
				CLANG_WARN_OBJC_LITERAL_CONVERSION = YES;
				CLANG_WARN_OBJC_ROOT_CLASS = YES_ERROR;
				CLANG_WARN_QUOTED_INCLUDE_IN_FRAMEWORK_HEADER = YES;
				CLANG_WARN_RANGE_LOOP_ANALYSIS = YES;
				CLANG_WARN_STRICT_PROTOTYPES = YES;
				CLANG_WARN_SUSPICIOUS_MOVE = YES;
				CLANG_WARN_UNGUARDED_AVAILABILITY = YES_AGGRESSIVE;
				CLANG_WARN_UNREACHABLE_CODE = YES;
				CLANG_WARN__DUPLICATE_METHOD_MATCH = YES;
				COPY_PHASE_STRIP = NO;
				CURRENT_PROJECT_VERSION = 1;
				DEBUG_INFORMATION_FORMAT = "dwarf-with-dsym";
				ENABLE_NS_ASSERTIONS = NO;
				ENABLE_STRICT_OBJC_MSGSEND = YES;
				GCC_C_LANGUAGE_STANDARD = gnu11;
				GCC_NO_COMMON_BLOCKS = YES;
				GCC_WARN_64_TO_32_BIT_CONVERSION = YES;
				GCC_WARN_ABOUT_RETURN_TYPE = YES_ERROR;
				GCC_WARN_UNDECLARED_SELECTOR = YES;
				GCC_WARN_UNINITIALIZED_AUTOS = YES_AGGRESSIVE;
				GCC_WARN_UNUSED_FUNCTION = YES;
				GCC_WARN_UNUSED_VARIABLE = YES;
				IPHONEOS_DEPLOYMENT_TARGET = 17.0;
				MARKETING_VERSION = 1.0;
				MTL_ENABLE_DEBUG_INFO = NO;
				MTL_FAST_MATH = YES;
				PRODUCT_NAME = "$(TARGET_NAME)";
				SDKROOT = iphoneos;
				SWIFT_COMPILATION_MODE = wholemodule;
				SWIFT_OPTIMIZATION_LEVEL = "-O";
				SWIFT_VERSION = 5.0;
			};
			name = Release;
		};
		7002E23789EDC1EA31509B12 /* Release */ = {
			isa = XCBuildConfiguration;
			buildSettings = {
				ASSETCATALOG_COMPILER_APPICON_NAME = AppIcon;
				CODE_SIGN_IDENTITY = "iPhone Developer";
				GENERATE_INFOPLIST_FILE = YES;
				INFOPLIST_KEY_UIApplicationSceneManifest_Generation = YES;
				INFOPLIST_KEY_UILaunchScreen_Generation = YES;
				INFOPLIST_KEY_UISupportedInterfaceOrientations_iPad = (
					UIInterfaceOrientationPortrait,
					UIInterfaceOrientationPortraitUpsideDown,
					UIInterfaceOrientationLandscapeLeft,
					UIInterfaceOrientationLandscapeRight,
				);
				INFOPLIST_KEY_UISupportedInterfaceOrientations_iPhone = (
					UIInterfaceOrientationPortrait,
				);
				LD_RUNPATH_SEARCH_PATHS = (
					"$(inherited)",
					"@executable_path/Frameworks",
				);
				PRODUCT_BUNDLE_IDENTIFIER = "com.paulo.mana-guilds.app";
				PRODUCT_NAME = "Mana Guilds";
				SDKROOT = iphoneos;
				SUPPORTS_MACCATALYST = NO;
				TARGETED_DEVICE_FAMILY = "1,2";
			};
			name = Release;
		};
		AA2A57B0FE2CB2C19338352E /* Debug */ = {
			isa = XCBuildConfiguration;
			buildSettings = {
				ALWAYS_SEARCH_USER_PATHS = NO;
				CLANG_ANALYZER_NONNULL = YES;
				CLANG_ANALYZER_NUMBER_OBJECT_CONVERSION = YES_AGGRESSIVE;
				CLANG_CXX_LANGUAGE_STANDARD = "gnu++14";
				CLANG_CXX_LIBRARY = "libc++";
				CLANG_ENABLE_MODULES = YES;
				CLANG_ENABLE_OBJC_ARC = YES;
				CLANG_ENABLE_OBJC_WEAK = YES;
				CLANG_WARN_BLOCK_CAPTURE_AUTORELEASING = YES;
				CLANG_WARN_BOOL_CONVERSION = YES;
				CLANG_WARN_COMMA = YES;
				CLANG_WARN_CONSTANT_CONVERSION = YES;
				CLANG_WARN_DEPRECATED_OBJC_IMPLEMENTATIONS = YES;
				CLANG_WARN_DIRECT_OBJC_ISA_USAGE = YES_ERROR;
				CLANG_WARN_DOCUMENTATION_COMMENTS = YES;
				CLANG_WARN_EMPTY_BODY = YES;
				CLANG_WARN_ENUM_CONVERSION = YES;
				CLANG_WARN_INFINITE_RECURSION = YES;
				CLANG_WARN_INT_CONVERSION = YES;
				CLANG_WARN_NON_LITERAL_NULL_CONVERSION = YES;
				CLANG_WARN_OBJC_IMPLICIT_RETAIN_SELF = YES;
				CLANG_WARN_OBJC_LITERAL_CONVERSION = YES;
				CLANG_WARN_OBJC_ROOT_CLASS = YES_ERROR;
				CLANG_WARN_QUOTED_INCLUDE_IN_FRAMEWORK_HEADER = YES;
				CLANG_WARN_RANGE_LOOP_ANALYSIS = YES;
				CLANG_WARN_STRICT_PROTOTYPES = YES;
				CLANG_WARN_SUSPICIOUS_MOVE = YES;
				CLANG_WARN_UNGUARDED_AVAILABILITY = YES_AGGRESSIVE;
				CLANG_WARN_UNREACHABLE_CODE = YES;
				CLANG_WARN__DUPLICATE_METHOD_MATCH = YES;
				COPY_PHASE_STRIP = NO;
				CURRENT_PROJECT_VERSION = 1;
				DEBUG_INFORMATION_FORMAT = dwarf;
				ENABLE_STRICT_OBJC_MSGSEND = YES;
				ENABLE_TESTABILITY = YES;
				GCC_C_LANGUAGE_STANDARD = gnu11;
				GCC_DYNAMIC_NO_PIC = NO;
				GCC_NO_COMMON_BLOCKS = YES;
				GCC_OPTIMIZATION_LEVEL = 0;
				GCC_PREPROCESSOR_DEFINITIONS = (
					"$(inherited)",
					"DEBUG=1",
				);
				GCC_WARN_64_TO_32_BIT_CONVERSION = YES;
				GCC_WARN_ABOUT_RETURN_TYPE = YES_ERROR;
				GCC_WARN_UNDECLARED_SELECTOR = YES;
				GCC_WARN_UNINITIALIZED_AUTOS = YES_AGGRESSIVE;
				GCC_WARN_UNUSED_FUNCTION = YES;
				GCC_WARN_UNUSED_VARIABLE = YES;
				IPHONEOS_DEPLOYMENT_TARGET = 17.0;
				MARKETING_VERSION = 1.0;
				MTL_ENABLE_DEBUG_INFO = INCLUDE_SOURCE;
				MTL_FAST_MATH = YES;
				ONLY_ACTIVE_ARCH = YES;
				PRODUCT_NAME = "$(TARGET_NAME)";
				SDKROOT = iphoneos;
				SWIFT_ACTIVE_COMPILATION_CONDITIONS = DEBUG;
				SWIFT_OPTIMIZATION_LEVEL = "-Onone";
				SWIFT_VERSION = 5.0;
			};
			name = Debug;
		};
/* End XCBuildConfiguration section */

/* Begin XCConfigurationList section */
		76586392A98B0A59C9571506 /* Build configuration list for PBXNativeTarget "ManaGuildsApp" */ = {
			isa = XCConfigurationList;
			buildConfigurations = (
				3EB41A91E8116963BE724ACD /* Debug */,
				7002E23789EDC1EA31509B12 /* Release */,
			);
			defaultConfigurationIsVisible = 0;
			defaultConfigurationName = Debug;
		};
		A72C2124024F4C80958BEFF4 /* Build configuration list for PBXProject "ManaGuildsApp" */ = {
			isa = XCConfigurationList;
			buildConfigurations = (
				AA2A57B0FE2CB2C19338352E /* Debug */,
				6FFBD903B3229CBA8C113FAD /* Release */,
			);
			defaultConfigurationIsVisible = 0;
			defaultConfigurationName = Debug;
		};
/* End XCConfigurationList section */
	};
	rootObject = B7FEF7C470421DAA96DB2FC5 /* Project object */;
}
